
Microsoft Visual Studio Solution File, Format Version 12.00
Project("{FAE04EC0-301F-11D3-BF4B-00C04F79EFBC}") = "Stravaig.Extensions.Logging.Diagnostics", "Stravaig.Extensions.Logging.Diagnostics\Stravaig.Extensions.Logging.Diagnostics.csproj", "{F0B1ED88-21D7-447E-985F-0105AAB361FE}"
EndProject
Project("{FAE04EC0-301F-11D3-BF4B-00C04F79EFBC}") = "Stravaig.Extensions.Logging.Diagnostics.Tests", "Stravaig.Extensions.Logging.Diagnostics.Tests\Stravaig.Extensions.Logging.Diagnostics.Tests.csproj", "{B340AAA5-0FF9-4838-8788-803DE8D72999}"
EndProject
Project("{2150E333-8FDC-42A3-9474-1A3956D46DE8}") = "__Build_and_Deploy", "__Build_and_Deploy", "{8A448F20-3311-4F77-86C4-BAA662A18E40}"
ProjectSection(SolutionItems) = preProject
	..\.github\workflows\build.yml = ..\.github\workflows\build.yml
	..\Set-Version.ps1 = ..\Set-Version.ps1
	..\version.txt = ..\version.txt
	..\build-release-notes.ps1 = ..\build-release-notes.ps1
	..\Bump-Version.ps1 = ..\Bump-Version.ps1
	..\list-contributors.ps1 = ..\list-contributors.ps1
	..\Reset-WipReleaseNotes.ps1 = ..\Reset-WipReleaseNotes.ps1
	..\Create-Release.ps1 = ..\Create-Release.ps1
	..\.github\workflows\gh-pages.yml = ..\.github\workflows\gh-pages.yml
EndProjectSection
EndProject
Project("{2150E333-8FDC-42A3-9474-1A3956D46DE8}") = "__Documentation", "__Documentation", "{25CEBD2E-CFB3-492A-8C4D-C0C983009F39}"
ProjectSection(SolutionItems) = preProject
	..\README.md = ..\README.md
	..\LICENSE = ..\LICENSE
	..\release-notes\full-release-notes.md = ..\release-notes\full-release-notes.md
	..\release-notes\wip-release-notes.md = ..\release-notes\wip-release-notes.md
EndProjectSection
EndProject
Project("{2150E333-8FDC-42A3-9474-1A3956D46DE8}") = "__Repository_Configuration", "__Repository_Configuration", "{403E4EE3-1668-43E3-888D-1ACF5E8D684B}"
ProjectSection(SolutionItems) = preProject
	..\.gitignore = ..\.gitignore
	..\Uninstall-GitHooks.ps1 = ..\Uninstall-GitHooks.ps1
	..\Install-GitHooks.ps1 = ..\Install-GitHooks.ps1
	..\.github\PULL_REQUEST_TEMPLATE = ..\.github\PULL_REQUEST_TEMPLATE
EndProjectSection
EndProject
Project("{2150E333-8FDC-42A3-9474-1A3956D46DE8}") = "githooks", "githooks", "{4F93041F-3DE3-4262-9F56-9F8D5DA253DC}"
	ProjectSection(SolutionItems) = preProject
		..\.stravaig\gitHooks\commit-msg = ..\.stravaig\gitHooks\commit-msg
	EndProjectSection
EndProject
Project("{FAE04EC0-301F-11D3-BF4B-00C04F79EFBC}") = "Stravaig.Extensions.Logging.Diagnostics.XUnit", "Stravaig.Extensions.Logging.Diagnostics.XUnit\Stravaig.Extensions.Logging.Diagnostics.XUnit.csproj", "{5CFE6D66-19C2-4666-8C26-775C622E2921}"
EndProject
Project("{FAE04EC0-301F-11D3-BF4B-00C04F79EFBC}") = "Stravaig.Extensions.Logging.Diagnostics.Verify", "Stravaig.Extensions.Logging.Diagnostics.Verify\Stravaig.Extensions.Logging.Diagnostics.Verify.csproj", "{5CEC0291-09E1-4DBF-9636-0E933BEDE252}"
EndProject
Project("{2150E333-8FDC-42A3-9474-1A3956D46DE8}") = "Packages", "Packages", "{2CBB9539-8519-4F49-BA1C-1214C11B61EE}"
EndProject
Project("{2150E333-8FDC-42A3-9474-1A3956D46DE8}") = "Tests", "Tests", "{8038D167-AA5C-4E7E-9F15-0A3233396D40}"
EndProject
Global
	GlobalSection(SolutionConfigurationPlatforms) = preSolution
		Debug|Any CPU = Debug|Any CPU
		Release|Any CPU = Release|Any CPU
	EndGlobalSection
	GlobalSection(ProjectConfigurationPlatforms) = postSolution
		{F0B1ED88-21D7-447E-985F-0105AAB361FE}.Debug|Any CPU.ActiveCfg = Debug|Any CPU
		{F0B1ED88-21D7-447E-985F-0105AAB361FE}.Debug|Any CPU.Build.0 = Debug|Any CPU
		{F0B1ED88-21D7-447E-985F-0105AAB361FE}.Release|Any CPU.ActiveCfg = Release|Any CPU
		{F0B1ED88-21D7-447E-985F-0105AAB361FE}.Release|Any CPU.Build.0 = Release|Any CPU
		{B340AAA5-0FF9-4838-8788-803DE8D72999}.Debug|Any CPU.ActiveCfg = Debug|Any CPU
		{B340AAA5-0FF9-4838-8788-803DE8D72999}.Debug|Any CPU.Build.0 = Debug|Any CPU
		{B340AAA5-0FF9-4838-8788-803DE8D72999}.Release|Any CPU.ActiveCfg = Release|Any CPU
		{B340AAA5-0FF9-4838-8788-803DE8D72999}.Release|Any CPU.Build.0 = Release|Any CPU
		{5CFE6D66-19C2-4666-8C26-775C622E2921}.Debug|Any CPU.ActiveCfg = Debug|Any CPU
		{5CFE6D66-19C2-4666-8C26-775C622E2921}.Debug|Any CPU.Build.0 = Debug|Any CPU
		{5CFE6D66-19C2-4666-8C26-775C622E2921}.Release|Any CPU.ActiveCfg = Release|Any CPU
		{5CFE6D66-19C2-4666-8C26-775C622E2921}.Release|Any CPU.Build.0 = Release|Any CPU
		{5CEC0291-09E1-4DBF-9636-0E933BEDE252}.Debug|Any CPU.ActiveCfg = Debug|Any CPU
		{5CEC0291-09E1-4DBF-9636-0E933BEDE252}.Debug|Any CPU.Build.0 = Debug|Any CPU
		{5CEC0291-09E1-4DBF-9636-0E933BEDE252}.Release|Any CPU.ActiveCfg = Release|Any CPU
		{5CEC0291-09E1-4DBF-9636-0E933BEDE252}.Release|Any CPU.Build.0 = Release|Any CPU
	EndGlobalSection
	GlobalSection(NestedProjects) = preSolution
		{4F93041F-3DE3-4262-9F56-9F8D5DA253DC} = {403E4EE3-1668-43E3-888D-1ACF5E8D684B}
		{F0B1ED88-21D7-447E-985F-0105AAB361FE} = {2CBB9539-8519-4F49-BA1C-1214C11B61EE}
		{5CFE6D66-19C2-4666-8C26-775C622E2921} = {2CBB9539-8519-4F49-BA1C-1214C11B61EE}
		{B340AAA5-0FF9-4838-8788-803DE8D72999} = {8038D167-AA5C-4E7E-9F15-0A3233396D40}
		{5CEC0291-09E1-4DBF-9636-0E933BEDE252} = {2CBB9539-8519-4F49-BA1C-1214C11B61EE}
	EndGlobalSection
EndGlobal
