
Microsoft Visual Studio Solution File, Format Version 12.00
Project("{FAE04EC0-301F-11D3-BF4B-00C04F79EFBC}") = "Stravaig.Extensions.Logging.Diagnostics", "Stravaig.Extensions.Logging.Diagnostics\Stravaig.Extensions.Logging.Diagnostics.csproj", "{F0B1ED88-21D7-447E-985F-0105AAB361FE}"
EndProject
Project("{FAE04EC0-301F-11D3-BF4B-00C04F79EFBC}") = "Stravaig.Extensions.Logging.Diagnostics.Tests", "Stravaig.Extensions.Logging.Diagnostics.Tests\Stravaig.Extensions.Logging.Diagnostics.Tests.csproj", "{B340AAA5-0FF9-4838-8788-803DE8D72999}"
EndProject
Project("{2150E333-8FDC-42A3-9474-1A3956D46DE8}") = "__Build_and_Deploy", "__Build_and_Deploy", "{8A448F20-3311-4F77-86C4-BAA662A18E40}"
ProjectSection(SolutionItems) = preProject
	..\.github\workflows\build.yml = ..\.github\workflows\build.yml
EndProjectSection
EndProject
Global
	GlobalSection(SolutionConfigurationPlatforms) = preSolution
		Debug|Any CPU = Debug|Any CPU
		Release|Any CPU = Release|Any CPU
	EndGlobalSection
	GlobalSection(ProjectConfigurationPlatforms) = postSolution
		{F0B1ED88-21D7-447E-985F-0105AAB361FE}.Debug|Any CPU.ActiveCfg = Debug|Any CPU
		{F0B1ED88-21D7-447E-985F-0105AAB361FE}.Debug|Any CPU.Build.0 = Debug|Any CPU
		{F0B1ED88-21D7-447E-985F-0105AAB361FE}.Release|Any CPU.ActiveCfg = Release|Any CPU
		{F0B1ED88-21D7-447E-985F-0105AAB361FE}.Release|Any CPU.Build.0 = Release|Any CPU
		{B340AAA5-0FF9-4838-8788-803DE8D72999}.Debug|Any CPU.ActiveCfg = Debug|Any CPU
		{B340AAA5-0FF9-4838-8788-803DE8D72999}.Debug|Any CPU.Build.0 = Debug|Any CPU
		{B340AAA5-0FF9-4838-8788-803DE8D72999}.Release|Any CPU.ActiveCfg = Release|Any CPU
		{B340AAA5-0FF9-4838-8788-803DE8D72999}.Release|Any CPU.Build.0 = Release|Any CPU
	EndGlobalSection
EndGlobal
